
Microsoft Visual Studio Solution File, Format Version 12.00
# Visual Studio Version 17
VisualStudioVersion = 17.6.33801.468
MinimumVisualStudioVersion = 10.0.40219.1
Project("{FAE04EC0-301F-11D3-BF4B-00C04F79EFBC}") = "Banco_Heranca", "Banco_Heranca\Banco_Heranca.csproj", "{4C7C97C0-A3E6-4C33-950E-5BC3C3E3175F}"
EndProject
Global
	GlobalSection(SolutionConfigurationPlatforms) = preSolution
		Debug|Any CPU = Debug|Any CPU
		Release|Any CPU = Release|Any CPU
	EndGlobalSection
	GlobalSection(ProjectConfigurationPlatforms) = postSolution
		{4C7C97C0-A3E6-4C33-950E-5BC3C3E3175F}.Debug|Any CPU.ActiveCfg = Debug|Any CPU
		{4C7C97C0-A3E6-4C33-950E-5BC3C3E3175F}.Debug|Any CPU.Build.0 = Debug|Any CPU
		{4C7C97C0-A3E6-4C33-950E-5BC3C3E3175F}.Release|Any CPU.ActiveCfg = Release|Any CPU
		{4C7C97C0-A3E6-4C33-950E-5BC3C3E3175F}.Release|Any CPU.Build.0 = Release|Any CPU
	EndGlobalSection
	GlobalSection(SolutionProperties) = preSolution
		HideSolutionNode = FALSE
	EndGlobalSection
	GlobalSection(ExtensibilityGlobals) = postSolution
		SolutionGuid = {413E4712-AF05-4015-8C09-3B33702C1019}
	EndGlobalSection
EndGlobal
